
Microsoft Visual Studio Solution File, Format Version 12.00
# Visual Studio Version 17
VisualStudioVersion = 17.7.34221.43
MinimumVisualStudioVersion = 10.0.40219.1
Project("{FAE04EC0-301F-11D3-BF4B-00C04F79EFBC}") = "WinFormsApp_WASD_controls_2023-2024", "WinFormsApp_WASD_controls_2023-2024.csproj", "{43092CA5-2C2E-43CC-A8A0-9E0047F6F305}"
EndProject
Global
	GlobalSection(SolutionConfigurationPlatforms) = preSolution
		Debug|Any CPU = Debug|Any CPU
		Release|Any CPU = Release|Any CPU
	EndGlobalSection
	GlobalSection(ProjectConfigurationPlatforms) = postSolution
		{43092CA5-2C2E-43CC-A8A0-9E0047F6F305}.Debug|Any CPU.ActiveCfg = Debug|Any CPU
		{43092CA5-2C2E-43CC-A8A0-9E0047F6F305}.Debug|Any CPU.Build.0 = Debug|Any CPU
		{43092CA5-2C2E-43CC-A8A0-9E0047F6F305}.Release|Any CPU.ActiveCfg = Release|Any CPU
		{43092CA5-2C2E-43CC-A8A0-9E0047F6F305}.Release|Any CPU.Build.0 = Release|Any CPU
	EndGlobalSection
	GlobalSection(SolutionProperties) = preSolution
		HideSolutionNode = FALSE
	EndGlobalSection
	GlobalSection(ExtensibilityGlobals) = postSolution
		SolutionGuid = {A74E8AA2-A24D-4588-99F2-AE5963D9E997}
	EndGlobalSection
EndGlobal
